
Microsoft Visual Studio Solution File, Format Version 12.00
# Visual Studio Version 16
VisualStudioVersion = 16.0.30621.155
MinimumVisualStudioVersion = 10.0.40219.1
Project("{FAE04EC0-301F-11D3-BF4B-00C04F79EFBC}") = "OverloadingSolo", "OverloadingSolo\OverloadingSolo.csproj", "{7BDA1CCF-CEA5-40D2-88D7-601D2DEAA6C6}"
EndProject
Global
	GlobalSection(SolutionConfigurationPlatforms) = preSolution
		Debug|Any CPU = Debug|Any CPU
		Release|Any CPU = Release|Any CPU
	EndGlobalSection
	GlobalSection(ProjectConfigurationPlatforms) = postSolution
		{7BDA1CCF-CEA5-40D2-88D7-601D2DEAA6C6}.Debug|Any CPU.ActiveCfg = Debug|Any CPU
		{7BDA1CCF-CEA5-40D2-88D7-601D2DEAA6C6}.Debug|Any CPU.Build.0 = Debug|Any CPU
		{7BDA1CCF-CEA5-40D2-88D7-601D2DEAA6C6}.Release|Any CPU.ActiveCfg = Release|Any CPU
		{7BDA1CCF-CEA5-40D2-88D7-601D2DEAA6C6}.Release|Any CPU.Build.0 = Release|Any CPU
	EndGlobalSection
	GlobalSection(SolutionProperties) = preSolution
		HideSolutionNode = FALSE
	EndGlobalSection
	GlobalSection(ExtensibilityGlobals) = postSolution
		SolutionGuid = {46D817B6-6B97-46F0-B9CC-557EAFB784FD}
	EndGlobalSection
EndGlobal
